# THIS IS AN AUTOGENERATED FILE. DO NOT EDIT THIS FILE DIRECTLY.
# yarn lockfile v1


"@babel/runtime@^7.18.9", "@babel/runtime@^7.19.4":
  version "7.20.1"
  resolved "https://registry.yarnpkg.com/@babel/runtime/-/runtime-7.20.1.tgz#1148bb33ab252b165a06698fde7576092a78b4a9"
  integrity sha512-mrzLkl6U9YLF8qpqI7TB82PESyEGjm/0Ly91jG575eVxMMlb8fYfOXFZIJ8XfLrJZQbm7dlKry2bJmXBUEkdFg==
  dependencies:
    regenerator-runtime "^0.13.10"

"@noble/hashes@1.1.3":
  version "1.1.3"
  resolved "https://registry.yarnpkg.com/@noble/hashes/-/hashes-1.1.3.tgz#360afc77610e0a61f3417e497dcf36862e4f8111"
  integrity sha512-CE0FCR57H2acVI5UOzIGSSIYxZ6v/HOhDR0Ro9VLyhnzLwx0o8W1mmgaqlEUx4049qJDlIBRztv5k+MM8vbO3A==

"@noble/secp256k1@1.7.0":
  version "1.7.0"
  resolved "https://registry.yarnpkg.com/@noble/secp256k1/-/secp256k1-1.7.0.tgz#d15357f7c227e751d90aa06b05a0e5cf993ba8c1"
  integrity sha512-kbacwGSsH/CTout0ZnZWxnW1B+jH/7r/WAAKLBtrRJ/+CUH7lgmQzl3GTrQua3SGKWNSDsS6lmjnDpIJ5Dxyaw==

"@polkadot/api-augment@9.2.3":
  version "9.2.3"
  resolved "https://registry.yarnpkg.com/@polkadot/api-augment/-/api-augment-9.2.3.tgz#f8230aa4c7c9cd5697a791e0a5cd649bcc4701e1"
  integrity sha512-+CdY7/sivS9aNkfS1TWQAbWb3cVj+ywLJ5b107J/Ipnl3bSGv4lxSk9JU3AzRY4GgCgoZEAvUOpuYz/bOU5qLw==
  dependencies:
    "@babel/runtime" "^7.18.9"
    "@polkadot/api-base" "9.2.3"
    "@polkadot/rpc-augment" "9.2.3"
    "@polkadot/types" "9.2.3"
    "@polkadot/types-augment" "9.2.3"
    "@polkadot/types-codec" "9.2.3"
    "@polkadot/util" "^10.1.5"

"@polkadot/api-base@9.2.3":
  version "9.2.3"
  resolved "https://registry.yarnpkg.com/@polkadot/api-base/-/api-base-9.2.3.tgz#fcf0380ae7da21c542b013f1fdd1e8867bf7adba"
  integrity sha512-e3sGwdJYkyIjZ1r9hWR1lQ7gtmd9PcaPy50H3kVWWk5JC16ge4Xh8FdGPa/nAZRXy7coQ1CSPy/5FSQqzGhZ8w==
  dependencies:
    "@babel/runtime" "^7.18.9"
    "@polkadot/rpc-core" "9.2.3"
    "@polkadot/types" "9.2.3"
    "@polkadot/util" "^10.1.5"
    rxjs "^7.5.6"

"@polkadot/api-derive@9.2.3":
  version "9.2.3"
  resolved "https://registry.yarnpkg.com/@polkadot/api-derive/-/api-derive-9.2.3.tgz#d43081002bdf2058c453308581947611b85e6c81"
  integrity sha512-mCZFfzJZxSHes3GTbHNNQpYSB6yRNO3Jg4naa0ngYh7jbuP6Aeuv/ywQw8VM+nEos4JcUCegUUNOY+QhCWgYrg==
  dependencies:
    "@babel/runtime" "^7.18.9"
    "@polkadot/api" "9.2.3"
    "@polkadot/api-augment" "9.2.3"
    "@polkadot/api-base" "9.2.3"
    "@polkadot/rpc-core" "9.2.3"
    "@polkadot/types" "9.2.3"
    "@polkadot/types-codec" "9.2.3"
    "@polkadot/util" "^10.1.5"
    "@polkadot/util-crypto" "^10.1.5"
    rxjs "^7.5.6"

"@polkadot/api@9.2.3":
  version "9.2.3"
  resolved "https://registry.yarnpkg.com/@polkadot/api/-/api-9.2.3.tgz#902b6acb86a92285fac411c1baaa1844f5421523"
  integrity sha512-vdrtRaTQnnzgrxvEfDsIJwXEbZ1O+q2me6wwAAtZlsezrGVYuamNSUiecE1mPuLu+CoBnExmuSVmPNrzcmgCUg==
  dependencies:
    "@babel/runtime" "^7.18.9"
    "@polkadot/api-augment" "9.2.3"
    "@polkadot/api-base" "9.2.3"
    "@polkadot/api-derive" "9.2.3"
    "@polkadot/keyring" "^10.1.5"
    "@polkadot/rpc-augment" "9.2.3"
    "@polkadot/rpc-core" "9.2.3"
    "@polkadot/rpc-provider" "9.2.3"
    "@polkadot/types" "9.2.3"
    "@polkadot/types-augment" "9.2.3"
    "@polkadot/types-codec" "9.2.3"
    "@polkadot/types-create" "9.2.3"
    "@polkadot/types-known" "9.2.3"
    "@polkadot/util" "^10.1.5"
    "@polkadot/util-crypto" "^10.1.5"
    eventemitter3 "^4.0.7"
    rxjs "^7.5.6"

"@polkadot/keyring@^10.1.5":
  version "10.1.11"
  resolved "https://registry.yarnpkg.com/@polkadot/keyring/-/keyring-10.1.11.tgz#a3fed011b0c8826ea2097e04f7189e9be66fbf98"
  integrity sha512-Nv8cZaOA/KbdslDMTklJ58+y+UPpic3+oMQoozuq48Ccjv7WeW2BX47XM/RNE8nYFg6EHa6Whfm4IFaFb8s7ag==
  dependencies:
    "@babel/runtime" "^7.19.4"
    "@polkadot/util" "10.1.11"
    "@polkadot/util-crypto" "10.1.11"

"@polkadot/networks@10.1.11", "@polkadot/networks@^10.1.5":
  version "10.1.11"
  resolved "https://registry.yarnpkg.com/@polkadot/networks/-/networks-10.1.11.tgz#96a5d6c80228f4beada9154cca0f60a63198e7f4"
  integrity sha512-4FfOVETXwh6PL6wd6fYJMkRSQKm+xUw3vR5rHqcAnB696FpMFPPErc6asgZ9lYMyzNJRY3yG86HQpFhtCv1nGA==
  dependencies:
    "@babel/runtime" "^7.19.4"
    "@polkadot/util" "10.1.11"
    "@substrate/ss58-registry" "^1.33.0"

"@polkadot/rpc-augment@9.2.3":
  version "9.2.3"
  resolved "https://registry.yarnpkg.com/@polkadot/rpc-augment/-/rpc-augment-9.2.3.tgz#06a2fc29a4a4705fd4b28b1198f4f511947ef178"
  integrity sha512-VHhstb5PDpzDXHp9WAWrNWqn1UTqyOHmWExNL3BfPcwcaw0dCAax+aGb6upYqKCfEugZwJXalmEuwwkA4alz+g==
  dependencies:
    "@babel/runtime" "^7.18.9"
    "@polkadot/rpc-core" "9.2.3"
    "@polkadot/types" "9.2.3"
    "@polkadot/types-codec" "9.2.3"
    "@polkadot/util" "^10.1.5"

"@polkadot/rpc-core@9.2.3":
  version "9.2.3"
  resolved "https://registry.yarnpkg.com/@polkadot/rpc-core/-/rpc-core-9.2.3.tgz#f17021dfc56beeba74412efcd1eb4e70359f15da"
  integrity sha512-x7NdgvJQ/oqSUbZqPlT+/bx0EQ2Qlz0kLYolQcCNuKsQ4Kew+IRxoi26bMOoE+jF05F3LRV7D3wNyFqt0292ag==
  dependencies:
    "@babel/runtime" "^7.18.9"
    "@polkadot/rpc-augment" "9.2.3"
    "@polkadot/rpc-provider" "9.2.3"
    "@polkadot/types" "9.2.3"
    "@polkadot/util" "^10.1.5"
    rxjs "^7.5.6"

"@polkadot/rpc-provider@9.2.3":
  version "9.2.3"
  resolved "https://registry.yarnpkg.com/@polkadot/rpc-provider/-/rpc-provider-9.2.3.tgz#f5c364bcbeb55569599647a7781e313ba91b3c26"
  integrity sha512-SMtHxL8S1K64TX2076SmTZZd5gHmXfrZvPBZNmv8q5e0jfc7KYau6dq3ffC/2i0PwhyHFJAgFq6MOCV/zc1h4g==
  dependencies:
    "@babel/runtime" "^7.18.9"
    "@polkadot/keyring" "^10.1.5"
    "@polkadot/types" "9.2.3"
    "@polkadot/types-support" "9.2.3"
    "@polkadot/util" "^10.1.5"
    "@polkadot/util-crypto" "^10.1.5"
    "@polkadot/x-fetch" "^10.1.5"
    "@polkadot/x-global" "^10.1.5"
    "@polkadot/x-ws" "^10.1.5"
    "@substrate/connect" "0.7.11"
    eventemitter3 "^4.0.7"
    mock-socket "^9.1.5"
    nock "^13.2.9"

"@polkadot/types-augment@9.2.3":
  version "9.2.3"
  resolved "https://registry.yarnpkg.com/@polkadot/types-augment/-/types-augment-9.2.3.tgz#a2dabf5ffad34b4022b78bc895cac77379a398a2"
  integrity sha512-xbzlP8xoaj/ILLtxkxHm8ldS3ziuY3qGkDAEbRS13KcsEUg+tUmG3IxMlvbHZVg8iYR3RMcQAJ1WF29wFvVOrA==
  dependencies:
    "@babel/runtime" "^7.18.9"
    "@polkadot/types" "9.2.3"
    "@polkadot/types-codec" "9.2.3"
    "@polkadot/util" "^10.1.5"

"@polkadot/types-codec@9.2.3":
  version "9.2.3"
  resolved "https://registry.yarnpkg.com/@polkadot/types-codec/-/types-codec-9.2.3.tgz#a372d3379e3b7be04df0b3bc4b74e721876ce4ba"
  integrity sha512-CaxDpV5AK5RfgMP0+ExMeirp3OaKjWx5ieR9O8kb6vet4axFEX5soD7yM4A2D4X8rBSJTXjCbLPUFyjswoTJow==
  dependencies:
    "@babel/runtime" "^7.18.9"
    "@polkadot/util" "^10.1.5"
    "@polkadot/x-bigint" "^10.1.5"

"@polkadot/types-create@9.2.3":
  version "9.2.3"
  resolved "https://registry.yarnpkg.com/@polkadot/types-create/-/types-create-9.2.3.tgz#aa0bfd74b5c166ae9509cf178a67a672ee713e77"
  integrity sha512-hR+eM8DLDAvYh99cLOfyV/Xcff+kie9pe7VTIhampuUwOvRovQ1ItTiajxYKMHbeX6SyVn5vvOtSzyJacNiU+w==
  dependencies:
    "@babel/runtime" "^7.18.9"
    "@polkadot/types-codec" "9.2.3"
    "@polkadot/util" "^10.1.5"

"@polkadot/types-known@9.2.3":
  version "9.2.3"
  resolved "https://registry.yarnpkg.com/@polkadot/types-known/-/types-known-9.2.3.tgz#d1014a58a7ca302d666a0376374635cd8cb12103"
  integrity sha512-popdkZTegUxEolsA1AUJ425M0ENRw+g8c719m7ZO7KZvBEH31lLTS4SqU8NtJvqM0TCYJIHLex9RL8TIUBIreQ==
  dependencies:
    "@babel/runtime" "^7.18.9"
    "@polkadot/networks" "^10.1.5"
    "@polkadot/types" "9.2.3"
    "@polkadot/types-codec" "9.2.3"
    "@polkadot/types-create" "9.2.3"
    "@polkadot/util" "^10.1.5"

"@polkadot/types-support@9.2.3":
  version "9.2.3"
  resolved "https://registry.yarnpkg.com/@polkadot/types-support/-/types-support-9.2.3.tgz#27f718f201067bde45586922c43c9545079b0450"
  integrity sha512-kIm0mdsyR5+88Q49EvFqKzHmFFB66/qXpXIDQLSKvn+B1glku0QiEPoypLoptOW1WV4Pfe6QKlalH9PUqQjD8Q==
  dependencies:
    "@babel/runtime" "^7.18.9"
    "@polkadot/util" "^10.1.5"

"@polkadot/types@9.2.3":
  version "9.2.3"
  resolved "https://registry.yarnpkg.com/@polkadot/types/-/types-9.2.3.tgz#113b5df60422ad2ad1f36294ec65df397916002d"
  integrity sha512-EUFMc3pnruQE6ZPln2RTii7Wd3A868HazBL5l6glsXGwxS77O3JoYGprth9iyMuy5JKEBVL6mKqX6ns+JAx+Xg==
  dependencies:
    "@babel/runtime" "^7.18.9"
    "@polkadot/keyring" "^10.1.5"
    "@polkadot/types-augment" "9.2.3"
    "@polkadot/types-codec" "9.2.3"
    "@polkadot/types-create" "9.2.3"
    "@polkadot/util" "^10.1.5"
    "@polkadot/util-crypto" "^10.1.5"
    rxjs "^7.5.6"

"@polkadot/util-crypto@10.1.11", "@polkadot/util-crypto@^10.1.5":
  version "10.1.11"
  resolved "https://registry.yarnpkg.com/@polkadot/util-crypto/-/util-crypto-10.1.11.tgz#e59bdc8e1e2bd98a115e2e2ed45461e68a14a48c"
  integrity sha512-wG63frIMAR5T/HXGM0SFNzZZdk7qDBsfLXfn6PIZiXCCCsdEYPzS5WltB7fkhicYpbePJ7VgdCAddj1l4IcGyg==
  dependencies:
    "@babel/runtime" "^7.19.4"
    "@noble/hashes" "1.1.3"
    "@noble/secp256k1" "1.7.0"
    "@polkadot/networks" "10.1.11"
    "@polkadot/util" "10.1.11"
    "@polkadot/wasm-crypto" "^6.3.1"
    "@polkadot/x-bigint" "10.1.11"
    "@polkadot/x-randomvalues" "10.1.11"
    "@scure/base" "1.1.1"
    ed2curve "^0.3.0"
    tweetnacl "^1.0.3"

"@polkadot/util@10.1.11", "@polkadot/util@^10.1.5":
  version "10.1.11"
  resolved "https://registry.yarnpkg.com/@polkadot/util/-/util-10.1.11.tgz#22bcdabbd7a0d266417f6569cc655f516d371a82"
  integrity sha512-6m51lw6g6ilqO/k4BQY7rD0lYM9NCnC4FiM7CEEUc7j8q86qxdcZ88zdNldkhNsTIQnfmCtkK3GRzZW6VYrbUw==
  dependencies:
    "@babel/runtime" "^7.19.4"
    "@polkadot/x-bigint" "10.1.11"
    "@polkadot/x-global" "10.1.11"
    "@polkadot/x-textdecoder" "10.1.11"
    "@polkadot/x-textencoder" "10.1.11"
    "@types/bn.js" "^5.1.1"
    bn.js "^5.2.1"

"@polkadot/wasm-bridge@6.3.1":
  version "6.3.1"
  resolved "https://registry.yarnpkg.com/@polkadot/wasm-bridge/-/wasm-bridge-6.3.1.tgz#439fa78e80947a7cb695443e1f64b25c30bb1487"
  integrity sha512-1TYkHsb9AEFhU9uZj3biEnN2yKQNzdrwSjiTvfCYnt97pnEkKsZI6cku+YPZQv5w/x9CQa5Yua9e2DVVZSivGA==
  dependencies:
    "@babel/runtime" "^7.18.9"

"@polkadot/wasm-crypto-asmjs@6.3.1":
  version "6.3.1"
  resolved "https://registry.yarnpkg.com/@polkadot/wasm-crypto-asmjs/-/wasm-crypto-asmjs-6.3.1.tgz#e8f469c9cf4a7709c8131a96f857291953f3e30a"
  integrity sha512-zbombRfA5v/mUWQQhgg2YwaxhRmxRIrvskw65x+lruax3b6xPBFDs7yplopiJU3r8h2pTgQvX/DUksvqz2TCRQ==
  dependencies:
    "@babel/runtime" "^7.18.9"

"@polkadot/wasm-crypto-init@6.3.1":
  version "6.3.1"
  resolved "https://registry.yarnpkg.com/@polkadot/wasm-crypto-init/-/wasm-crypto-init-6.3.1.tgz#b590220c53c94b9a54d5dc236d0cbe943db76706"
  integrity sha512-9yaUBcu+snwjJLmPPGl3cyGRQ1afyFGm16qzTM0sgG/ZCfUlK4uk8KWZe+sBUKgoxb2oXY7Y4WklKgQI1YBdfw==
  dependencies:
    "@babel/runtime" "^7.18.9"
    "@polkadot/wasm-bridge" "6.3.1"
    "@polkadot/wasm-crypto-asmjs" "6.3.1"
    "@polkadot/wasm-crypto-wasm" "6.3.1"

"@polkadot/wasm-crypto-wasm@6.3.1":
  version "6.3.1"
  resolved "https://registry.yarnpkg.com/@polkadot/wasm-crypto-wasm/-/wasm-crypto-wasm-6.3.1.tgz#67f720e7f9694fef096abe9d60abbac02e032383"
  integrity sha512-idSlzKGVzCfeCMRHsacRvqwojSaTadFxL/Dbls4z1thvfa3U9Ku0d2qVtlwg7Hj+tYWDiuP8Kygs+6bQwfs0XA==
  dependencies:
    "@babel/runtime" "^7.18.9"
    "@polkadot/wasm-util" "6.3.1"

"@polkadot/wasm-crypto@^6.3.1":
  version "6.3.1"
  resolved "https://registry.yarnpkg.com/@polkadot/wasm-crypto/-/wasm-crypto-6.3.1.tgz#63f5798aca2b2ff0696f190e6862d9781d8f280c"
  integrity sha512-OO8h0qeVkqp4xYZaRVl4iuWOEtq282pNBHDKb6SOJuI2g59eWGcKh4EQU9Me2VP6qzojIqptrkrVt7KQXC68gA==
  dependencies:
    "@babel/runtime" "^7.18.9"
    "@polkadot/wasm-bridge" "6.3.1"
    "@polkadot/wasm-crypto-asmjs" "6.3.1"
    "@polkadot/wasm-crypto-init" "6.3.1"
    "@polkadot/wasm-crypto-wasm" "6.3.1"
    "@polkadot/wasm-util" "6.3.1"

"@polkadot/wasm-util@6.3.1":
  version "6.3.1"
  resolved "https://registry.yarnpkg.com/@polkadot/wasm-util/-/wasm-util-6.3.1.tgz#439ebb68a436317af388ed6438b8f879df3afcda"
  integrity sha512-12oAv5J7Yoc9m6jixrSaQCxpOkWOyzHx3DMC8qmLjRiwdBWxqLmImOVRVnFsbaxqSbhBIHRuJphVxWE+GZETDg==
  dependencies:
    "@babel/runtime" "^7.18.9"

"@polkadot/x-bigint@10.1.11", "@polkadot/x-bigint@^10.1.5":
  version "10.1.11"
  resolved "https://registry.yarnpkg.com/@polkadot/x-bigint/-/x-bigint-10.1.11.tgz#7d62ce10cccd55b86a415342db95b9feeb099776"
  integrity sha512-TC4KZ+ni/SJhcf/LIwD49C/kwvACu0nCchETNO+sAfJ7COXZwHDUJXVXmwN5PgkQxwsWsKKuJmzR/Fi1bgMWnQ==
  dependencies:
    "@babel/runtime" "^7.19.4"
    "@polkadot/x-global" "10.1.11"

"@polkadot/x-fetch@^10.1.5":
  version "10.1.11"
  resolved "https://registry.yarnpkg.com/@polkadot/x-fetch/-/x-fetch-10.1.11.tgz#8f579bb166096c977acff91a40b3848fb5581900"
  integrity sha512-WtyUr9itVD9BLnxCUloJ1iwrXOY/lnlEShEYKHcSm6MIHtbJolePd3v1+o5mOX+bdDbHXhPZnH8anCCqDNDRqg==
  dependencies:
    "@babel/runtime" "^7.19.4"
    "@polkadot/x-global" "10.1.11"
    "@types/node-fetch" "^2.6.2"
    node-fetch "^3.2.10"

"@polkadot/x-global@10.1.11", "@polkadot/x-global@^10.1.5":
  version "10.1.11"
  resolved "https://registry.yarnpkg.com/@polkadot/x-global/-/x-global-10.1.11.tgz#37dda3ef1cebfd14c68c69279ae6521957817866"
  integrity sha512-bWz5gdcELy6+xfr27R1GE5MPX4nfVlchzHQH+DR6OBbSi9g/PeycQAvFB6IkTmP+YEbNNtIpxnSP37zoUaG3xw==
  dependencies:
    "@babel/runtime" "^7.19.4"

"@polkadot/x-randomvalues@10.1.11":
  version "10.1.11"
  resolved "https://registry.yarnpkg.com/@polkadot/x-randomvalues/-/x-randomvalues-10.1.11.tgz#f9e088f8b400770d3e53ba9e0c0f0d464047f89e"
  integrity sha512-V2V37f5hoM5B32eCpGw87Lwstin2+ArXhOZ8ENKncbQLXzbF9yTODueDoA5Vt0MJCs2CDP9cyiCYykcanqVkxg==
  dependencies:
    "@babel/runtime" "^7.19.4"
    "@polkadot/x-global" "10.1.11"

"@polkadot/x-textdecoder@10.1.11":
  version "10.1.11"
  resolved "https://registry.yarnpkg.com/@polkadot/x-textdecoder/-/x-textdecoder-10.1.11.tgz#314c79e27545a41fe0494a26196bf2dff5cfcb5d"
  integrity sha512-QZqie04SR6pAj260PaLBfZUGXWKI357t4ROVJhpaj06qc1zrk1V8Mwkr49+WzjAPFEOqo70HWnzXmPNCH4dQiw==
  dependencies:
    "@babel/runtime" "^7.19.4"
    "@polkadot/x-global" "10.1.11"

"@polkadot/x-textencoder@10.1.11":
  version "10.1.11"
  resolved "https://registry.yarnpkg.com/@polkadot/x-textencoder/-/x-textencoder-10.1.11.tgz#23b18b3ffbc649572728aa37d7787432bb3a03b5"
  integrity sha512-UX+uV9AbDID81waaG/NvTkkf7ZNVW7HSHaddgbWjQEVW2Ex4ByccBarY5jEi6cErEPKfzCamKhgXflu0aV9LWw==
  dependencies:
    "@babel/runtime" "^7.19.4"
    "@polkadot/x-global" "10.1.11"

"@polkadot/x-ws@^10.1.5":
  version "10.1.11"
  resolved "https://registry.yarnpkg.com/@polkadot/x-ws/-/x-ws-10.1.11.tgz#7431ad72064d56519d4293278f03ae97b9ea9271"
  integrity sha512-EUbL/R1A/NxYf6Rnb1M7U9yeTuo5r4y2vcQllE5aBLaQ0cFnRykHzlmZlVX1E7O5uy3lYVdxWC7sNgxItIWkWA==
  dependencies:
    "@babel/runtime" "^7.19.4"
    "@polkadot/x-global" "10.1.11"
    "@types/websocket" "^1.0.5"
    websocket "^1.0.34"

"@scure/base@1.1.1":
  version "1.1.1"
  resolved "https://registry.yarnpkg.com/@scure/base/-/base-1.1.1.tgz#ebb651ee52ff84f420097055f4bf46cfba403938"
  integrity sha512-ZxOhsSyxYwLJj3pLZCefNitxsj093tb2vq90mp2txoYeBqbcjDjqFhyM8eUjq/uFm6zJ+mUuqxlS2FkuSY1MTA==

"@substrate/connect-extension-protocol@^1.0.1":
  version "1.0.1"
  resolved "https://registry.yarnpkg.com/@substrate/connect-extension-protocol/-/connect-extension-protocol-1.0.1.tgz#fa5738039586c648013caa6a0c95c43265dbe77d"
  integrity sha512-161JhCC1csjH3GE5mPLEd7HbWtwNSPJBg3p1Ksz9SFlTzj/bgEwudiRN2y5i0MoLGCIJRYKyKGMxVnd29PzNjg==

"@substrate/connect@0.7.11":
  version "0.7.11"
  resolved "https://registry.yarnpkg.com/@substrate/connect/-/connect-0.7.11.tgz#fa9d24991fe9edc7fb771fbdee21a9b7cf6d1322"
  integrity sha512-/xiOlkmJfl2XPYQTmyWKEh2AXryEAPSMAxZXs6D/aqYDy0TKZDAp1dfQiHyPt1vMwOlnM4WJv9lPks3ZMwCP+w==
  dependencies:
    "@substrate/connect-extension-protocol" "^1.0.1"
    "@substrate/smoldot-light" "0.6.30"
    eventemitter3 "^4.0.7"

"@substrate/smoldot-light@0.6.30":
  version "0.6.30"
  resolved "https://registry.yarnpkg.com/@substrate/smoldot-light/-/smoldot-light-0.6.30.tgz#a49f4a77f3047bfc1fb9224725a6286e2b709bf1"
  integrity sha512-U/F75XzxuNG+KGSujxsMAm8zUBpBON+l0oX19EnSWjvqD+smYjvcj1SeqQhFYxJjtoCQyZLedKBsZGyNbG3FbQ==
  dependencies:
    pako "^2.0.4"
    ws "^8.8.1"

"@substrate/ss58-registry@^1.33.0":
  version "1.33.0"
  resolved "https://registry.yarnpkg.com/@substrate/ss58-registry/-/ss58-registry-1.33.0.tgz#b93218fc86405769716b02f0ce5e61df221b37ae"
  integrity sha512-DztMuMcEfu+tJrtIQIIp5gO8/XJZ8N8UwPObDCSNgrp7trtSkPJAUFB9qXaReXtN9UvTcVBMTWk6VPfFi04Wkg==

"@types/bn.js@^5.1.1":
  version "5.1.1"
  resolved "https://registry.yarnpkg.com/@types/bn.js/-/bn.js-5.1.1.tgz#b51e1b55920a4ca26e9285ff79936bbdec910682"
  integrity sha512-qNrYbZqMx0uJAfKnKclPh+dTwK33KfLHYqtyODwd5HnXOjnkhc4qgn3BrK6RWyGZm5+sIFE7Q7Vz6QQtJB7w7g==
  dependencies:
    "@types/node" "*"

"@types/node-fetch@^2.6.2":
  version "2.6.2"
  resolved "https://registry.yarnpkg.com/@types/node-fetch/-/node-fetch-2.6.2.tgz#d1a9c5fd049d9415dce61571557104dec3ec81da"
  integrity sha512-DHqhlq5jeESLy19TYhLakJ07kNumXWjcDdxXsLUMJZ6ue8VZJj4kLPQVE/2mdHh3xZziNF1xppu5lwmS53HR+A==
  dependencies:
    "@types/node" "*"
    form-data "^3.0.0"

"@types/node@*":
  version "15.3.1"
  resolved "https://registry.yarnpkg.com/@types/node/-/node-15.3.1.tgz#23a06b87eedb524016616e886b116b8fdcb180af"
  integrity sha512-weaeiP4UF4XgF++3rpQhpIJWsCTS4QJw5gvBhQu6cFIxTwyxWIe3xbnrY/o2lTCQ0lsdb8YIUDUvLR4Vuz5rbw==

"@types/websocket@^1.0.5":
  version "1.0.5"
  resolved "https://registry.yarnpkg.com/@types/websocket/-/websocket-1.0.5.tgz#3fb80ed8e07f88e51961211cd3682a3a4a81569c"
  integrity sha512-NbsqiNX9CnEfC1Z0Vf4mE1SgAJ07JnRYcNex7AJ9zAVzmiGHmjKFEk7O4TJIsgv2B1sLEb6owKFZrACwdYngsQ==
  dependencies:
    "@types/node" "*"

asynckit@^0.4.0:
  version "0.4.0"
  resolved "https://registry.yarnpkg.com/asynckit/-/asynckit-0.4.0.tgz#c79ed97f7f34cb8f2ba1bc9790bcc366474b4b79"
  integrity sha1-x57Zf380y48robyXkLzDZkdLS3k=

bn.js@^5.2.1:
  version "5.2.1"
  resolved "https://registry.yarnpkg.com/bn.js/-/bn.js-5.2.1.tgz#0bc527a6a0d18d0aa8d5b0538ce4a77dccfa7b70"
  integrity sha512-eXRvHzWyYPBuB4NBy0cmYQjGitUrtqwbvlzP3G6VFnNRbsZQIxQ10PbKKHt8gZ/HW/D/747aDl+QkDqg3KQLMQ==

bufferutil@^4.0.1:
  version "4.0.3"
  resolved "https://registry.yarnpkg.com/bufferutil/-/bufferutil-4.0.3.tgz#66724b756bed23cd7c28c4d306d7994f9943cc6b"
  integrity sha512-yEYTwGndELGvfXsImMBLop58eaGW+YdONi1fNjTINSY98tmMmFijBG6WXgdkfuLNt4imzQNtIE+eBp1PVpMCSw==
  dependencies:
    node-gyp-build "^4.2.0"

combined-stream@^1.0.8:
  version "1.0.8"
  resolved "https://registry.yarnpkg.com/combined-stream/-/combined-stream-1.0.8.tgz#c3d45a8b34fd730631a110a8a2520682b31d5a7f"
  integrity sha512-FQN4MRfuJeHf7cBbBMJFXhKSDq+2kAArBlmRBvcvFE5BB1HZKXtSFASDhdlz9zOYwxh8lDdnvmMOe/+5cdoEdg==
  dependencies:
    delayed-stream "~1.0.0"

d@1, d@^1.0.1:
  version "1.0.1"
  resolved "https://registry.yarnpkg.com/d/-/d-1.0.1.tgz#8698095372d58dbee346ffd0c7093f99f8f9eb5a"
  integrity sha512-m62ShEObQ39CfralilEQRjH6oAMtNCV1xJyEx5LpRYUVN+EviphDgUc/F3hnYbADmkiNs67Y+3ylmlG7Lnu+FA==
  dependencies:
    es5-ext "^0.10.50"
    type "^1.0.1"

data-uri-to-buffer@^4.0.0:
  version "4.0.0"
  resolved "https://registry.yarnpkg.com/data-uri-to-buffer/-/data-uri-to-buffer-4.0.0.tgz#b5db46aea50f6176428ac05b73be39a57701a64b"
  integrity sha512-Vr3mLBA8qWmcuschSLAOogKgQ/Jwxulv3RNE4FXnYWRGujzrRWQI4m12fQqRkwX06C0KanhLr4hK+GydchZsaA==

debug@^2.2.0:
  version "2.6.9"
  resolved "https://registry.yarnpkg.com/debug/-/debug-2.6.9.tgz#5d128515df134ff327e90a4c93f4e077a536341f"
  integrity sha512-bC7ElrdJaJnPbAP+1EotYvqZsb3ecl5wi6Bfi6BJTUcNowp6cvspg0jXznRTKDjm/E7AdgFBVeAPVMNcKGsHMA==
  dependencies:
    ms "2.0.0"

debug@^4.1.0:
  version "4.3.4"
  resolved "https://registry.yarnpkg.com/debug/-/debug-4.3.4.tgz#1319f6579357f2338d3337d2cdd4914bb5dcc865"
  integrity sha512-PRWFHuSU3eDtQJPvnNY7Jcket1j0t5OuOsFzPPzsekD52Zl8qUfFIPEiswXqIvHWGVHOgX+7G/vCNNhehwxfkQ==
  dependencies:
    ms "2.1.2"

delayed-stream@~1.0.0:
  version "1.0.0"
  resolved "https://registry.yarnpkg.com/delayed-stream/-/delayed-stream-1.0.0.tgz#df3ae199acadfb7d440aaae0b29e2272b24ec619"
  integrity sha1-3zrhmayt+31ECqrgsp4icrJOxhk=

ed2curve@^0.3.0:
  version "0.3.0"
  resolved "https://registry.yarnpkg.com/ed2curve/-/ed2curve-0.3.0.tgz#322b575152a45305429d546b071823a93129a05d"
  integrity sha512-8w2fmmq3hv9rCrcI7g9hms2pMunQr1JINfcjwR9tAyZqhtyaMN991lF/ZfHfr5tzZQ8c7y7aBgZbjfbd0fjFwQ==
  dependencies:
    tweetnacl "1.x.x"

es5-ext@^0.10.35, es5-ext@^0.10.50:
  version "0.10.53"
  resolved "https://registry.yarnpkg.com/es5-ext/-/es5-ext-0.10.53.tgz#93c5a3acfdbef275220ad72644ad02ee18368de1"
  integrity sha512-Xs2Stw6NiNHWypzRTY1MtaG/uJlwCk8kH81920ma8mvN8Xq1gsfhZvpkImLQArw8AHnv8MT2I45J3c0R8slE+Q==
  dependencies:
    es6-iterator "~2.0.3"
    es6-symbol "~3.1.3"
    next-tick "~1.0.0"

es6-iterator@~2.0.3:
  version "2.0.3"
  resolved "https://registry.yarnpkg.com/es6-iterator/-/es6-iterator-2.0.3.tgz#a7de889141a05a94b0854403b2d0a0fbfa98f3b7"
  integrity sha1-p96IkUGgWpSwhUQDstCg+/qY87c=
  dependencies:
    d "1"
    es5-ext "^0.10.35"
    es6-symbol "^3.1.1"

es6-symbol@^3.1.1, es6-symbol@~3.1.3:
  version "3.1.3"
  resolved "https://registry.yarnpkg.com/es6-symbol/-/es6-symbol-3.1.3.tgz#bad5d3c1bcdac28269f4cb331e431c78ac705d18"
  integrity sha512-NJ6Yn3FuDinBaBRWl/q5X/s4koRHBrgKAu+yGI6JCBeiu3qrcbJhwT2GeR/EXVfylRk8dpQVJoLEFhK+Mu31NA==
  dependencies:
    d "^1.0.1"
    ext "^1.1.2"

eventemitter3@^4.0.7:
  version "4.0.7"
  resolved "https://registry.yarnpkg.com/eventemitter3/-/eventemitter3-4.0.7.tgz#2de9b68f6528d5644ef5c59526a1b4a07306169f"
  integrity sha512-8guHBZCwKnFhYdHr2ysuRWErTwhoN2X8XELRlrRwpmfeY2jjuUN4taQMsULKUVo1K4DvZl+0pgfyoysHxvmvEw==

ext@^1.1.2:
  version "1.4.0"
  resolved "https://registry.yarnpkg.com/ext/-/ext-1.4.0.tgz#89ae7a07158f79d35517882904324077e4379244"
  integrity sha512-Key5NIsUxdqKg3vIsdw9dSuXpPCQ297y6wBjL30edxwPgt2E44WcWBZey/ZvUc6sERLTxKdyCu4gZFmUbk1Q7A==
  dependencies:
    type "^2.0.0"

fetch-blob@^3.1.2, fetch-blob@^3.1.4:
  version "3.2.0"
  resolved "https://registry.yarnpkg.com/fetch-blob/-/fetch-blob-3.2.0.tgz#f09b8d4bbd45adc6f0c20b7e787e793e309dcce9"
  integrity sha512-7yAQpD2UMJzLi1Dqv7qFYnPbaPx7ZfFK6PiIxQ4PfkGPyNyl2Ugx+a/umUonmKqjhM4DnfbMvdX6otXq83soQQ==
  dependencies:
    node-domexception "^1.0.0"
    web-streams-polyfill "^3.0.3"

form-data@^3.0.0:
  version "3.0.1"
  resolved "https://registry.yarnpkg.com/form-data/-/form-data-3.0.1.tgz#ebd53791b78356a99af9a300d4282c4d5eb9755f"
  integrity sha512-RHkBKtLWUVwd7SqRIvCZMEvAMoGUp0XU+seQiZejj0COz3RI3hWP4sCv3gZWWLjJTd7rGwcsF5eKZGii0r/hbg==
  dependencies:
    asynckit "^0.4.0"
    combined-stream "^1.0.8"
    mime-types "^2.1.12"

formdata-polyfill@^4.0.10:
  version "4.0.10"
  resolved "https://registry.yarnpkg.com/formdata-polyfill/-/formdata-polyfill-4.0.10.tgz#24807c31c9d402e002ab3d8c720144ceb8848423"
  integrity sha512-buewHzMvYL29jdeQTVILecSaZKnt/RJWjoZCF5OW60Z67/GmSLBkOFM7qh1PI3zFNtJbaZL5eQu1vLfazOwj4g==
  dependencies:
    fetch-blob "^3.1.2"

is-typedarray@^1.0.0:
  version "1.0.0"
  resolved "https://registry.yarnpkg.com/is-typedarray/-/is-typedarray-1.0.0.tgz#e479c80858df0c1b11ddda6940f96011fcda4a9a"
  integrity sha1-5HnICFjfDBsR3dppQPlgEfzaSpo=

json-stringify-safe@^5.0.1:
  version "5.0.1"
  resolved "https://registry.yarnpkg.com/json-stringify-safe/-/json-stringify-safe-5.0.1.tgz#1296a2d58fd45f19a0f6ce01d65701e2c735b6eb"
  integrity sha512-ZClg6AaYvamvYEE82d3Iyd3vSSIjQ+odgjaTzRuO3s7toCdFKczob2i0zCh7JE8kWn17yvAWhUVxvqGwUalsRA==

lodash@^4.17.21:
  version "4.17.21"
  resolved "https://registry.yarnpkg.com/lodash/-/lodash-4.17.21.tgz#679591c564c3bffaae8454cf0b3df370c3d6911c"
  integrity sha512-v2kDEe57lecTulaDIuNTPy3Ry4gLGJ6Z1O3vE1krgXZNrsQ+LFTGHVxVjcXPs17LhbZVGedAJv8XZ1tvj5FvSg==

mime-db@1.47.0:
  version "1.47.0"
  resolved "https://registry.yarnpkg.com/mime-db/-/mime-db-1.47.0.tgz#8cb313e59965d3c05cfbf898915a267af46a335c"
  integrity sha512-QBmA/G2y+IfeS4oktet3qRZ+P5kPhCKRXxXnQEudYqUaEioAU1/Lq2us3D/t1Jfo4hE9REQPrbB7K5sOczJVIw==

mime-types@^2.1.12:
  version "2.1.30"
  resolved "https://registry.yarnpkg.com/mime-types/-/mime-types-2.1.30.tgz#6e7be8b4c479825f85ed6326695db73f9305d62d"
  integrity sha512-crmjA4bLtR8m9qLpHvgxSChT+XoSlZi8J4n/aIdn3z92e/U47Z0V/yl+Wh9W046GgFVAmoNR/fmdbZYcSSIUeg==
  dependencies:
    mime-db "1.47.0"

mock-socket@^9.1.5:
  version "9.1.5"
  resolved "https://registry.yarnpkg.com/mock-socket/-/mock-socket-9.1.5.tgz#2c4e44922ad556843b6dfe09d14ed8041fa2cdeb"
  integrity sha512-3DeNIcsQixWHHKk6NdoBhWI4t1VMj5/HzfnI1rE/pLl5qKx7+gd4DNA07ehTaZ6MoUU053si6Hd+YtiM/tQZfg==

ms@2.0.0:
  version "2.0.0"
  resolved "https://registry.yarnpkg.com/ms/-/ms-2.0.0.tgz#5608aeadfc00be6c2901df5f9861788de0d597c8"
  integrity sha1-VgiurfwAvmwpAd9fmGF4jeDVl8g=

ms@2.1.2:
  version "2.1.2"
  resolved "https://registry.yarnpkg.com/ms/-/ms-2.1.2.tgz#d09d1f357b443f493382a8eb3ccd183872ae6009"
  integrity sha512-sGkPx+VjMtmA6MX27oA4FBFELFCZZ4S4XqeGOXCv68tT+jb3vk/RyaKWP0PTKyWtmLSM0b+adUTEvbs1PEaH2w==

next-tick@~1.0.0:
  version "1.0.0"
  resolved "https://registry.yarnpkg.com/next-tick/-/next-tick-1.0.0.tgz#ca86d1fe8828169b0120208e3dc8424b9db8342c"
  integrity sha1-yobR/ogoFpsBICCOPchCS524NCw=

nock@^13.2.9:
  version "13.2.9"
  resolved "https://registry.yarnpkg.com/nock/-/nock-13.2.9.tgz#4faf6c28175d36044da4cfa68e33e5a15086ad4c"
  integrity sha512-1+XfJNYF1cjGB+TKMWi29eZ0b82QOvQs2YoLNzbpWGqFMtRQHTa57osqdGj4FrFPgkO4D4AZinzUJR9VvW3QUA==
  dependencies:
    debug "^4.1.0"
    json-stringify-safe "^5.0.1"
    lodash "^4.17.21"
    propagate "^2.0.0"

node-domexception@^1.0.0:
  version "1.0.0"
  resolved "https://registry.yarnpkg.com/node-domexception/-/node-domexception-1.0.0.tgz#6888db46a1f71c0b76b3f7555016b63fe64766e5"
  integrity sha512-/jKZoMpw0F8GRwl4/eLROPA3cfcXtLApP0QzLmUT/HuPCZWyB7IY9ZrMeKw2O/nFIqPQB3PVM9aYm0F312AXDQ==

node-fetch@^3.2.10:
  version "3.2.10"
  resolved "https://registry.yarnpkg.com/node-fetch/-/node-fetch-3.2.10.tgz#e8347f94b54ae18b57c9c049ef641cef398a85c8"
  integrity sha512-MhuzNwdURnZ1Cp4XTazr69K0BTizsBroX7Zx3UgDSVcZYKF/6p0CBe4EUb/hLqmzVhl0UpYfgRljQ4yxE+iCxA==
  dependencies:
    data-uri-to-buffer "^4.0.0"
    fetch-blob "^3.1.4"
    formdata-polyfill "^4.0.10"

node-gyp-build@^4.2.0:
  version "4.2.3"
  resolved "https://registry.yarnpkg.com/node-gyp-build/-/node-gyp-build-4.2.3.tgz#ce6277f853835f718829efb47db20f3e4d9c4739"
  integrity sha512-MN6ZpzmfNCRM+3t57PTJHgHyw/h4OWnZ6mR8P5j/uZtqQr46RRuDE/P+g3n0YR/AiYXeWixZZzaip77gdICfRg==

pako@^2.0.4:
  version "2.0.4"
  resolved "https://registry.yarnpkg.com/pako/-/pako-2.0.4.tgz#6cebc4bbb0b6c73b0d5b8d7e8476e2b2fbea576d"
  integrity sha512-v8tweI900AUkZN6heMU/4Uy4cXRc2AYNRggVmTR+dEncawDJgCdLMximOVA2p4qO57WMynangsfGRb5WD6L1Bg==

propagate@^2.0.0:
  version "2.0.1"
  resolved "https://registry.yarnpkg.com/propagate/-/propagate-2.0.1.tgz#40cdedab18085c792334e64f0ac17256d38f9a45"
  integrity sha512-vGrhOavPSTz4QVNuBNdcNXePNdNMaO1xj9yBeH1ScQPjk/rhg9sSlCXPhMkFuaNNW/syTvYqsnbIJxMBfRbbag==

regenerator-runtime@^0.13.10:
  version "0.13.10"
  resolved "https://registry.yarnpkg.com/regenerator-runtime/-/regenerator-runtime-0.13.10.tgz#ed07b19616bcbec5da6274ebc75ae95634bfc2ee"
  integrity sha512-KepLsg4dU12hryUO7bp/axHAKvwGOCV0sGloQtpagJ12ai+ojVDqkeGSiRX1zlq+kjIMZ1t7gpze+26QqtdGqw==

rxjs@^7.5.6:
  version "7.5.7"
  resolved "https://registry.yarnpkg.com/rxjs/-/rxjs-7.5.7.tgz#2ec0d57fdc89ece220d2e702730ae8f1e49def39"
  integrity sha512-z9MzKh/UcOqB3i20H6rtrlaE/CgjLOvheWK/9ILrbhROGTweAi1BaFsTT9FbwZi5Trr1qNRs+MXkhmR06awzQA==
  dependencies:
    tslib "^2.1.0"

tslib@^2.1.0:
  version "2.4.1"
  resolved "https://registry.yarnpkg.com/tslib/-/tslib-2.4.1.tgz#0d0bfbaac2880b91e22df0768e55be9753a5b17e"
  integrity sha512-tGyy4dAjRIEwI7BzsB0lynWgOpfqjUdq91XXAlIWD2OwKBH7oCl/GZG/HT4BOHrTlPMOASlMQ7veyTqpmRcrNA==

tweetnacl@1.x.x, tweetnacl@^1.0.3:
  version "1.0.3"
  resolved "https://registry.yarnpkg.com/tweetnacl/-/tweetnacl-1.0.3.tgz#ac0af71680458d8a6378d0d0d050ab1407d35596"
  integrity sha512-6rt+RN7aOi1nGMyC4Xa5DdYiukl2UWCbcJft7YhxReBGQD7OAM8Pbxw6YMo4r2diNEA8FEmu32YOn9rhaiE5yw==

type@^1.0.1:
  version "1.2.0"
  resolved "https://registry.yarnpkg.com/type/-/type-1.2.0.tgz#848dd7698dafa3e54a6c479e759c4bc3f18847a0"
  integrity sha512-+5nt5AAniqsCnu2cEQQdpzCAh33kVx8n0VoFidKpB1dVVLAN/F+bgVOqOJqOnEnrhp222clB5p3vUlD+1QAnfg==

type@^2.0.0:
  version "2.5.0"
  resolved "https://registry.yarnpkg.com/type/-/type-2.5.0.tgz#0a2e78c2e77907b252abe5f298c1b01c63f0db3d"
  integrity sha512-180WMDQaIMm3+7hGXWf12GtdniDEy7nYcyFMKJn/eZz/6tSLXrUN9V0wKSbMjej0I1WHWbpREDEKHtqPQa9NNw==

typedarray-to-buffer@^3.1.5:
  version "3.1.5"
  resolved "https://registry.yarnpkg.com/typedarray-to-buffer/-/typedarray-to-buffer-3.1.5.tgz#a97ee7a9ff42691b9f783ff1bc5112fe3fca9080"
  integrity sha512-zdu8XMNEDepKKR+XYOXAVPtWui0ly0NtohUscw+UmaHiAWT8hrV1rr//H6V+0DvJ3OQ19S979M0laLfX8rm82Q==
  dependencies:
    is-typedarray "^1.0.0"

utf-8-validate@^5.0.2:
  version "5.0.5"
  resolved "https://registry.yarnpkg.com/utf-8-validate/-/utf-8-validate-5.0.5.tgz#dd32c2e82c72002dc9f02eb67ba6761f43456ca1"
  integrity sha512-+pnxRYsS/axEpkrrEpzYfNZGXp0IjC/9RIxwM5gntY4Koi8SHmUGSfxfWqxZdRxrtaoVstuOzUp/rbs3JSPELQ==
  dependencies:
    node-gyp-build "^4.2.0"

web-streams-polyfill@^3.0.3:
  version "3.2.1"
  resolved "https://registry.yarnpkg.com/web-streams-polyfill/-/web-streams-polyfill-3.2.1.tgz#71c2718c52b45fd49dbeee88634b3a60ceab42a6"
  integrity sha512-e0MO3wdXWKrLbL0DgGnUV7WHVuw9OUvL4hjgnPkIeEvESk74gAITi5G606JtZPp39cd8HA9VQzCIvA49LpPN5Q==

websocket@^1.0.34:
  version "1.0.34"
  resolved "https://registry.yarnpkg.com/websocket/-/websocket-1.0.34.tgz#2bdc2602c08bf2c82253b730655c0ef7dcab3111"
  integrity sha512-PRDso2sGwF6kM75QykIesBijKSVceR6jL2G8NGYyq2XrItNC2P5/qL5XeR056GhA+Ly7JMFvJb9I312mJfmqnQ==
  dependencies:
    bufferutil "^4.0.1"
    debug "^2.2.0"
    es5-ext "^0.10.50"
    typedarray-to-buffer "^3.1.5"
    utf-8-validate "^5.0.2"
    yaeti "^0.0.6"

ws@^8.8.1:
  version "8.10.0"
  resolved "https://registry.yarnpkg.com/ws/-/ws-8.10.0.tgz#00a28c09dfb76eae4eb45c3b565f771d6951aa51"
  integrity sha512-+s49uSmZpvtAsd2h37vIPy1RBusaLawVe8of+GyEPsaJTCMpj/2v8NpeK1SHXjBlQ95lQTmQofOJnFiLoaN3yw==

yaeti@^0.0.6:
  version "0.0.6"
  resolved "https://registry.yarnpkg.com/yaeti/-/yaeti-0.0.6.tgz#f26f484d72684cf42bedfb76970aa1608fbf9577"
  integrity sha1-8m9ITXJoTPQr7ft2lwqhYI+/lXc=
